{
  "requires": true,
  "lockfileVersion": 1,
  "dependencies": {
    "adm-zip": {
      "version": "0.4.16",
      "resolved": "https://registry.npmjs.org/adm-zip/-/adm-zip-0.4.16.tgz",
      "integrity": "sha512-TFi4HBKSGfIKsK5YCkKaaFG2m4PEDyViZmEwof3MTIgzimHLto6muaHVpbrljdIvIrFZzEq/p4nafOeLcYegrg=="
    },
    "datatables.net-editor": {
      "version": "1.6.5",
      "resolved": "https://registry.npmjs.org/datatables.net-editor/-/datatables.net-editor-1.6.5.tgz",
      "integrity": "sha512-YedIMy+5pF5R86FDMu7Ia8M/006QGuRpQa52WglmbK0fHH3WN1wZrukn33K3xX9SXSU5IcaE29qQFMuw8lRnow==",
      "requires": {
        "adm-zip": "^0.4.7"
      }
    }
  }
}
